// !$*UTF8*$!
{
	archiveVersion = 1;
	classes = {
	};
	objectVersion = 46;
	objects = {

/* Begin PBXBuildFile section */
		EAF52C8918284F0E002B88A3 /* Foundation.framework in Frameworks */ = {isa = PBXBuildFile; fileRef = EAF52C8818284F0E002B88A3 /* Foundation.framework */; };
		EAF52C8B18284F0E002B88A3 /* CoreGraphics.framework in Frameworks */ = {isa = PBXBuildFile; fileRef = EAF52C8A18284F0E002B88A3 /* CoreGraphics.framework */; };
		EAF52C8D18284F0E002B88A3 /* UIKit.framework in Frameworks */ = {isa = PBXBuildFile; fileRef = EAF52C8C18284F0E002B88A3 /* UIKit.framework */; };
		EAF52C9318284F0E002B88A3 /* InfoPlist.strings in Resources */ = {isa = PBXBuildFile; fileRef = EAF52C9118284F0E002B88A3 /* InfoPlist.strings */; };
		EAF52C9518284F0E002B88A3 /* main.m in Sources */ = {isa = PBXBuildFile; fileRef = EAF52C9418284F0E002B88A3 /* main.m */; };
		EAF52C9918284F0E002B88A3 /* AppDelegate.m in Sources */ = {isa = PBXBuildFile; fileRef = EAF52C9818284F0E002B88A3 /* AppDelegate.m */; };
		EAF52C9C18284F0E002B88A3 /* Main.storyboard in Resources */ = {isa = PBXBuildFile; fileRef = EAF52C9A18284F0E002B88A3 /* Main.storyboard */; };
		EAF52C9F18284F0E002B88A3 /* ViewController.m in Sources */ = {isa = PBXBuildFile; fileRef = EAF52C9E18284F0E002B88A3 /* ViewController.m */; };
		EAF52CA118284F0E002B88A3 /* Images.xcassets in Resources */ = {isa = PBXBuildFile; fileRef = EAF52CA018284F0E002B88A3 /* Images.xcassets */; };
		EAF52CA818284F0E002B88A3 /* XCTest.framework in Frameworks */ = {isa = PBXBuildFile; fileRef = EAF52CA718284F0E002B88A3 /* XCTest.framework */; };
		EAF52CA918284F0E002B88A3 /* Foundation.framework in Frameworks */ = {isa = PBXBuildFile; fileRef = EAF52C8818284F0E002B88A3 /* Foundation.framework */; };
		EAF52CAA18284F0E002B88A3 /* UIKit.framework in Frameworks */ = {isa = PBXBuildFile; fileRef = EAF52C8C18284F0E002B88A3 /* UIKit.framework */; };
		EAF52CB218284F0E002B88A3 /* InfoPlist.strings in Resources */ = {isa = PBXBuildFile; fileRef = EAF52CB018284F0E002B88A3 /* InfoPlist.strings */; };
		EAF52CB418284F0E002B88A3 /* Smart_LearningTests.m in Sources */ = {isa = PBXBuildFile; fileRef = EAF52CB318284F0E002B88A3 /* Smart_LearningTests.m */; };
		EAF52CBE18287407002B88A3 /* cursive alphabet resz.png in Resources */ = {isa = PBXBuildFile; fileRef = EAF52CBD18287407002B88A3 /* cursive alphabet resz.png */; };
		EAF52CCC18297F85002B88A3 /* picA.png in Resources */ = {isa = PBXBuildFile; fileRef = EAF52CCA18297F85002B88A3 /* picA.png */; };
		EAF52CCE182988A3002B88A3 /* letterA.png in Resources */ = {isa = PBXBuildFile; fileRef = EAF52CCD182988A3002B88A3 /* letterA.png */; };
		EAF52CD518298FB9002B88A3 /* menu.jpg in Resources */ = {isa = PBXBuildFile; fileRef = EAF52CD418298FB9002B88A3 /* menu.jpg */; };
		EAF52CD71829AEE1002B88A3 /* home.png in Resources */ = {isa = PBXBuildFile; fileRef = EAF52CD61829AEE1002B88A3 /* home.png */; };
		EAF52CE5182A2887002B88A3 /* questionMark.jpg in Resources */ = {isa = PBXBuildFile; fileRef = EAF52CE4182A2887002B88A3 /* questionMark.jpg */; };
		EAF52CE7182AC52C002B88A3 /* done.jpg in Resources */ = {isa = PBXBuildFile; fileRef = EAF52CE6182AC52C002B88A3 /* done.jpg */; };
		EAF52CF6182AE154002B88A3 /* blueCyan.png in Resources */ = {isa = PBXBuildFile; fileRef = EAF52CF2182AE154002B88A3 /* blueCyan.png */; };
		EAF52CF7182AE154002B88A3 /* purple.png in Resources */ = {isa = PBXBuildFile; fileRef = EAF52CF3182AE154002B88A3 /* purple.png */; };
		EAF52CF8182AE154002B88A3 /* redCyan.png in Resources */ = {isa = PBXBuildFile; fileRef = EAF52CF4182AE154002B88A3 /* redCyan.png */; };
		EAF52CF9182AE154002B88A3 /* yellow.png in Resources */ = {isa = PBXBuildFile; fileRef = EAF52CF5182AE154002B88A3 /* yellow.png */; };
		EAF52D0A182AE16F002B88A3 /* blue.png in Resources */ = {isa = PBXBuildFile; fileRef = EAF52CFA182AE16E002B88A3 /* blue.png */; };
		EAF52D0B182AE16F002B88A3 /* blueGreen.png in Resources */ = {isa = PBXBuildFile; fileRef = EAF52CFB182AE16E002B88A3 /* blueGreen.png */; };
		EAF52D0C182AE16F002B88A3 /* blueMagenta.png in Resources */ = {isa = PBXBuildFile; fileRef = EAF52CFC182AE16E002B88A3 /* blueMagenta.png */; };
		EAF52D0D182AE16F002B88A3 /* blueYellow.png in Resources */ = {isa = PBXBuildFile; fileRef = EAF52CFD182AE16E002B88A3 /* blueYellow.png */; };
		EAF52D0E182AE16F002B88A3 /* brown.png in Resources */ = {isa = PBXBuildFile; fileRef = EAF52CFE182AE16E002B88A3 /* brown.png */; };
		EAF52D0F182AE16F002B88A3 /* cyan.png in Resources */ = {isa = PBXBuildFile; fileRef = EAF52CFF182AE16E002B88A3 /* cyan.png */; };
		EAF52D10182AE16F002B88A3 /* cyanMagenta.png in Resources */ = {isa = PBXBuildFile; fileRef = EAF52D00182AE16E002B88A3 /* cyanMagenta.png */; };
		EAF52D11182AE16F002B88A3 /* green.png in Resources */ = {isa = PBXBuildFile; fileRef = EAF52D01182AE16E002B88A3 /* green.png */; };
		EAF52D12182AE16F002B88A3 /* greenCyan.png in Resources */ = {isa = PBXBuildFile; fileRef = EAF52D02182AE16E002B88A3 /* greenCyan.png */; };
		EAF52D13182AE16F002B88A3 /* greenMagenta.png in Resources */ = {isa = PBXBuildFile; fileRef = EAF52D03182AE16E002B88A3 /* greenMagenta.png */; };
		EAF52D14182AE16F002B88A3 /* greenYellow.png in Resources */ = {isa = PBXBuildFile; fileRef = EAF52D04182AE16E002B88A3 /* greenYellow.png */; };
		EAF52D15182AE16F002B88A3 /* magenta.png in Resources */ = {isa = PBXBuildFile; fileRef = EAF52D05182AE16E002B88A3 /* magenta.png */; };
		EAF52D16182AE16F002B88A3 /* orange.jpg in Resources */ = {isa = PBXBuildFile; fileRef = EAF52D06182AE16E002B88A3 /* orange.jpg */; };
		EAF52D17182AE16F002B88A3 /* redMagenta.png in Resources */ = {isa = PBXBuildFile; fileRef = EAF52D07182AE16E002B88A3 /* redMagenta.png */; };
		EAF52D18182AE16F002B88A3 /* yellowCyan.png in Resources */ = {isa = PBXBuildFile; fileRef = EAF52D08182AE16E002B88A3 /* yellowCyan.png */; };
		EAF52D19182AE16F002B88A3 /* yellowMagenta.png in Resources */ = {isa = PBXBuildFile; fileRef = EAF52D09182AE16E002B88A3 /* yellowMagenta.png */; };
		EAF52D1B182AE21D002B88A3 /* red.png in Resources */ = {isa = PBXBuildFile; fileRef = EAF52D1A182AE21D002B88A3 /* red.png */; };
		EAF52D22182B2171002B88A3 /* lowerA.png in Resources */ = {isa = PBXBuildFile; fileRef = EAF52D20182B2171002B88A3 /* lowerA.png */; };
		EAF52D23182B2171002B88A3 /* upperA.png in Resources */ = {isa = PBXBuildFile; fileRef = EAF52D21182B2171002B88A3 /* upperA.png */; };
		EAF52D25182B228E002B88A3 /* picB.png in Resources */ = {isa = PBXBuildFile; fileRef = EAF52D24182B228E002B88A3 /* picB.png */; };
		EAF52D28182B23E2002B88A3 /* lowerB.png in Resources */ = {isa = PBXBuildFile; fileRef = EAF52D26182B23E2002B88A3 /* lowerB.png */; };
		EAF52D29182B23E2002B88A3 /* upperB.png in Resources */ = {isa = PBXBuildFile; fileRef = EAF52D27182B23E2002B88A3 /* upperB.png */; };
		EAF52D2B182B2698002B88A3 /* upperC.png in Resources */ = {isa = PBXBuildFile; fileRef = EAF52D2A182B2698002B88A3 /* upperC.png */; };
		EAF52D2D182B2769002B88A3 /* lowerC.png in Resources */ = {isa = PBXBuildFile; fileRef = EAF52D2C182B2769002B88A3 /* lowerC.png */; };
		EAF52D2F182B2771002B88A3 /* picC.png in Resources */ = {isa = PBXBuildFile; fileRef = EAF52D2E182B2771002B88A3 /* picC.png */; };
		EAF52D33182B2804002B88A3 /* lowerD.png in Resources */ = {isa = PBXBuildFile; fileRef = EAF52D30182B2804002B88A3 /* lowerD.png */; };
		EAF52D34182B2804002B88A3 /* picD.png in Resources */ = {isa = PBXBuildFile; fileRef = EAF52D31182B2804002B88A3 /* picD.png */; };
		EAF52D35182B2804002B88A3 /* upperD.png in Resources */ = {isa = PBXBuildFile; fileRef = EAF52D32182B2804002B88A3 /* upperD.png */; };
		EAF52D95182C9E77002B88A3 /* 0.gif in Resources */ = {isa = PBXBuildFile; fileRef = EAF52D80182C9E77002B88A3 /* 0.gif */; };
		EAF52D96182C9E77002B88A3 /* 1.gif in Resources */ = {isa = PBXBuildFile; fileRef = EAF52D81182C9E77002B88A3 /* 1.gif */; };
		EAF52D97182C9E77002B88A3 /* 10.gif in Resources */ = {isa = PBXBuildFile; fileRef = EAF52D82182C9E77002B88A3 /* 10.gif */; };
		EAF52D98182C9E77002B88A3 /* 11.gif in Resources */ = {isa = PBXBuildFile; fileRef = EAF52D83182C9E77002B88A3 /* 11.gif */; };
		EAF52D99182C9E77002B88A3 /* 12.gif in Resources */ = {isa = PBXBuildFile; fileRef = EAF52D84182C9E77002B88A3 /* 12.gif */; };
		EAF52D9A182C9E77002B88A3 /* 13.gif in Resources */ = {isa = PBXBuildFile; fileRef = EAF52D85182C9E77002B88A3 /* 13.gif */; };
		EAF52D9B182C9E77002B88A3 /* 14.gif in Resources */ = {isa = PBXBuildFile; fileRef = EAF52D86182C9E77002B88A3 /* 14.gif */; };
		EAF52D9C182C9E77002B88A3 /* 15.gif in Resources */ = {isa = PBXBuildFile; fileRef = EAF52D87182C9E77002B88A3 /* 15.gif */; };
		EAF52D9D182C9E77002B88A3 /* 16.gif in Resources */ = {isa = PBXBuildFile; fileRef = EAF52D88182C9E77002B88A3 /* 16.gif */; };
		EAF52D9E182C9E77002B88A3 /* 17.gif in Resources */ = {isa = PBXBuildFile; fileRef = EAF52D89182C9E77002B88A3 /* 17.gif */; };
		EAF52D9F182C9E77002B88A3 /* 18.gif in Resources */ = {isa = PBXBuildFile; fileRef = EAF52D8A182C9E77002B88A3 /* 18.gif */; };
		EAF52DA0182C9E77002B88A3 /* 19.gif in Resources */ = {isa = PBXBuildFile; fileRef = EAF52D8B182C9E77002B88A3 /* 19.gif */; };
		EAF52DA1182C9E77002B88A3 /* 2.gif in Resources */ = {isa = PBXBuildFile; fileRef = EAF52D8C182C9E77002B88A3 /* 2.gif */; };
		EAF52DA2182C9E77002B88A3 /* 20.gif in Resources */ = {isa = PBXBuildFile; fileRef = EAF52D8D182C9E77002B88A3 /* 20.gif */; };
		EAF52DA3182C9E77002B88A3 /* 3.gif in Resources */ = {isa = PBXBuildFile; fileRef = EAF52D8E182C9E77002B88A3 /* 3.gif */; };
		EAF52DA4182C9E77002B88A3 /* 4.gif in Resources */ = {isa = PBXBuildFile; fileRef = EAF52D8F182C9E77002B88A3 /* 4.gif */; };
		EAF52DA5182C9E77002B88A3 /* 5.gif in Resources */ = {isa = PBXBuildFile; fileRef = EAF52D90182C9E77002B88A3 /* 5.gif */; };
		EAF52DA6182C9E77002B88A3 /* 6.gif in Resources */ = {isa = PBXBuildFile; fileRef = EAF52D91182C9E77002B88A3 /* 6.gif */; };
		EAF52DA7182C9E77002B88A3 /* 7.gif in Resources */ = {isa = PBXBuildFile; fileRef = EAF52D92182C9E77002B88A3 /* 7.gif */; };
		EAF52DA8182C9E77002B88A3 /* 8.gif in Resources */ = {isa = PBXBuildFile; fileRef = EAF52D93182C9E77002B88A3 /* 8.gif */; };
		EAF52DA9182C9E77002B88A3 /* 9.gif in Resources */ = {isa = PBXBuildFile; fileRef = EAF52D94182C9E77002B88A3 /* 9.gif */; };
		EAF52DAB182CA4ED002B88A3 /* animation_A.gif in Resources */ = {isa = PBXBuildFile; fileRef = EAF52DAA182CA4ED002B88A3 /* animation_A.gif */; };
		EAF52DBE182CB4AC002B88A3 /* lowerE.png in Resources */ = {isa = PBXBuildFile; fileRef = EAF52DAC182CB4AC002B88A3 /* lowerE.png */; };
		EAF52DBF182CB4AC002B88A3 /* lowerF.png in Resources */ = {isa = PBXBuildFile; fileRef = EAF52DAD182CB4AC002B88A3 /* lowerF.png */; };
		EAF52DC0182CB4AC002B88A3 /* lowerG.png in Resources */ = {isa = PBXBuildFile; fileRef = EAF52DAE182CB4AC002B88A3 /* lowerG.png */; };
		EAF52DC1182CB4AC002B88A3 /* lowerH.png in Resources */ = {isa = PBXBuildFile; fileRef = EAF52DAF182CB4AC002B88A3 /* lowerH.png */; };
		EAF52DC2182CB4AC002B88A3 /* lowerI.png in Resources */ = {isa = PBXBuildFile; fileRef = EAF52DB0182CB4AC002B88A3 /* lowerI.png */; };
		EAF52DC3182CB4AC002B88A3 /* lowerJ.png in Resources */ = {isa = PBXBuildFile; fileRef = EAF52DB1182CB4AC002B88A3 /* lowerJ.png */; };
		EAF52DC4182CB4AC002B88A3 /* lowerK.png in Resources */ = {isa = PBXBuildFile; fileRef = EAF52DB2182CB4AC002B88A3 /* lowerK.png */; };
		EAF52DC5182CB4AC002B88A3 /* lowerL.png in Resources */ = {isa = PBXBuildFile; fileRef = EAF52DB3182CB4AC002B88A3 /* lowerL.png */; };
		EAF52DC6182CB4AC002B88A3 /* lowerM.png in Resources */ = {isa = PBXBuildFile; fileRef = EAF52DB4182CB4AC002B88A3 /* lowerM.png */; };
		EAF52DC7182CB4AC002B88A3 /* upperE.png in Resources */ = {isa = PBXBuildFile; fileRef = EAF52DB5182CB4AC002B88A3 /* upperE.png */; };
		EAF52DC8182CB4AC002B88A3 /* upperF.png in Resources */ = {isa = PBXBuildFile; fileRef = EAF52DB6182CB4AC002B88A3 /* upperF.png */; };
		EAF52DC9182CB4AC002B88A3 /* upperG.png in Resources */ = {isa = PBXBuildFile; fileRef = EAF52DB7182CB4AC002B88A3 /* upperG.png */; };
		EAF52DCA182CB4AC002B88A3 /* upperH.png in Resources */ = {isa = PBXBuildFile; fileRef = EAF52DB8182CB4AC002B88A3 /* upperH.png */; };
		EAF52DCB182CB4AC002B88A3 /* upperI.png in Resources */ = {isa = PBXBuildFile; fileRef = EAF52DB9182CB4AC002B88A3 /* upperI.png */; };
		EAF52DCC182CB4AC002B88A3 /* upperJ.png in Resources */ = {isa = PBXBuildFile; fileRef = EAF52DBA182CB4AC002B88A3 /* upperJ.png */; };
		EAF52DCD182CB4AC002B88A3 /* upperK.png in Resources */ = {isa = PBXBuildFile; fileRef = EAF52DBB182CB4AC002B88A3 /* upperK.png */; };
		EAF52DCE182CB4AC002B88A3 /* upperL.png in Resources */ = {isa = PBXBuildFile; fileRef = EAF52DBC182CB4AC002B88A3 /* upperL.png */; };
		EAF52DCF182CB4AC002B88A3 /* upperM.png in Resources */ = {isa = PBXBuildFile; fileRef = EAF52DBD182CB4AC002B88A3 /* upperM.png */; };
		EAF52DEA182CB83F002B88A3 /* lowerN.png in Resources */ = {isa = PBXBuildFile; fileRef = EAF52DD0182CB83E002B88A3 /* lowerN.png */; };
		EAF52DEB182CB83F002B88A3 /* lowerO.png in Resources */ = {isa = PBXBuildFile; fileRef = EAF52DD1182CB83F002B88A3 /* lowerO.png */; };
		EAF52DEC182CB83F002B88A3 /* lowerP.png in Resources */ = {isa = PBXBuildFile; fileRef = EAF52DD2182CB83F002B88A3 /* lowerP.png */; };
		EAF52DED182CB83F002B88A3 /* lowerQ.png in Resources */ = {isa = PBXBuildFile; fileRef = EAF52DD3182CB83F002B88A3 /* lowerQ.png */; };
		EAF52DEE182CB83F002B88A3 /* lowerR.png in Resources */ = {isa = PBXBuildFile; fileRef = EAF52DD4182CB83F002B88A3 /* lowerR.png */; };
		EAF52DEF182CB83F002B88A3 /* lowerS.png in Resources */ = {isa = PBXBuildFile; fileRef = EAF52DD5182CB83F002B88A3 /* lowerS.png */; };
		EAF52DF0182CB83F002B88A3 /* lowerT.png in Resources */ = {isa = PBXBuildFile; fileRef = EAF52DD6182CB83F002B88A3 /* lowerT.png */; };
		EAF52DF1182CB83F002B88A3 /* lowerU.png in Resources */ = {isa = PBXBuildFile; fileRef = EAF52DD7182CB83F002B88A3 /* lowerU.png */; };
		EAF52DF2182CB83F002B88A3 /* lowerV.png in Resources */ = {isa = PBXBuildFile; fileRef = EAF52DD8182CB83F002B88A3 /* lowerV.png */; };
		EAF52DF3182CB83F002B88A3 /* lowerW.png in Resources */ = {isa = PBXBuildFile; fileRef = EAF52DD9182CB83F002B88A3 /* lowerW.png */; };
		EAF52DF4182CB83F002B88A3 /* lowerX.png in Resources */ = {isa = PBXBuildFile; fileRef = EAF52DDA182CB83F002B88A3 /* lowerX.png */; };
		EAF52DF5182CB83F002B88A3 /* lowerY.png in Resources */ = {isa = PBXBuildFile; fileRef = EAF52DDB182CB83F002B88A3 /* lowerY.png */; };
		EAF52DF6182CB83F002B88A3 /* lowerZ.png in Resources */ = {isa = PBXBuildFile; fileRef = EAF52DDC182CB83F002B88A3 /* lowerZ.png */; };
		EAF52DF7182CB83F002B88A3 /* upperN.png in Resources */ = {isa = PBXBuildFile; fileRef = EAF52DDD182CB83F002B88A3 /* upperN.png */; };
		EAF52DF8182CB83F002B88A3 /* upperO.png in Resources */ = {isa = PBXBuildFile; fileRef = EAF52DDE182CB83F002B88A3 /* upperO.png */; };
		EAF52DF9182CB83F002B88A3 /* upperP.png in Resources */ = {isa = PBXBuildFile; fileRef = EAF52DDF182CB83F002B88A3 /* upperP.png */; };
		EAF52DFA182CB83F002B88A3 /* upperQ.png in Resources */ = {isa = PBXBuildFile; fileRef = EAF52DE0182CB83F002B88A3 /* upperQ.png */; };
		EAF52DFB182CB83F002B88A3 /* upperR.png in Resources */ = {isa = PBXBuildFile; fileRef = EAF52DE1182CB83F002B88A3 /* upperR.png */; };
		EAF52DFC182CB83F002B88A3 /* upperS.png in Resources */ = {isa = PBXBuildFile; fileRef = EAF52DE2182CB83F002B88A3 /* upperS.png */; };
		EAF52DFD182CB83F002B88A3 /* upperT.png in Resources */ = {isa = PBXBuildFile; fileRef = EAF52DE3182CB83F002B88A3 /* upperT.png */; };
		EAF52DFE182CB83F002B88A3 /* upperU.png in Resources */ = {isa = PBXBuildFile; fileRef = EAF52DE4182CB83F002B88A3 /* upperU.png */; };
		EAF52DFF182CB83F002B88A3 /* upperV.png in Resources */ = {isa = PBXBuildFile; fileRef = EAF52DE5182CB83F002B88A3 /* upperV.png */; };
		EAF52E00182CB83F002B88A3 /* upperW.png in Resources */ = {isa = PBXBuildFile; fileRef = EAF52DE6182CB83F002B88A3 /* upperW.png */; };
		EAF52E01182CB83F002B88A3 /* upperX.png in Resources */ = {isa = PBXBuildFile; fileRef = EAF52DE7182CB83F002B88A3 /* upperX.png */; };
		EAF52E02182CB83F002B88A3 /* upperY.png in Resources */ = {isa = PBXBuildFile; fileRef = EAF52DE8182CB83F002B88A3 /* upperY.png */; };
		EAF52E03182CB83F002B88A3 /* upperZ.png in Resources */ = {isa = PBXBuildFile; fileRef = EAF52DE9182CB83F002B88A3 /* upperZ.png */; };
		EAF52E06182D8A1A002B88A3 /* tryagain.png in Resources */ = {isa = PBXBuildFile; fileRef = EAF52E04182D8A1A002B88A3 /* tryagain.png */; };
		EAF52E07182D8A1A002B88A3 /* welldone.png in Resources */ = {isa = PBXBuildFile; fileRef = EAF52E05182D8A1A002B88A3 /* welldone.png */; };
		EAF52E0A182DA661002B88A3 /* LetterWritingPad.m in Sources */ = {isa = PBXBuildFile; fileRef = EAF52E09182DA661002B88A3 /* LetterWritingPad.m */; };
		EAF52E0C182F478D002B88A3 /* menuBkgd.png in Resources */ = {isa = PBXBuildFile; fileRef = EAF52E0B182F478D002B88A3 /* menuBkgd.png */; };
/* End PBXBuildFile section */

/* Begin PBXContainerItemProxy section */
		EAF52CAB18284F0E002B88A3 /* PBXContainerItemProxy */ = {
			isa = PBXContainerItemProxy;
			containerPortal = EAF52C7D18284F0E002B88A3 /* Project object */;
			proxyType = 1;
			remoteGlobalIDString = EAF52C8418284F0E002B88A3;
			remoteInfo = "Smart Learning";
		};
/* End PBXContainerItemProxy section */

/* Begin PBXFileReference section */
		EAF52C8518284F0E002B88A3 /* Smart Learning.app */ = {isa = PBXFileReference; explicitFileType = wrapper.application; includeInIndex = 0; path = "Smart Learning.app"; sourceTree = BUILT_PRODUCTS_DIR; };
		EAF52C8818284F0E002B88A3 /* Foundation.framework */ = {isa = PBXFileReference; lastKnownFileType = wrapper.framework; name = Foundation.framework; path = System/Library/Frameworks/Foundation.framework; sourceTree = SDKROOT; };
		EAF52C8A18284F0E002B88A3 /* CoreGraphics.framework */ = {isa = PBXFileReference; lastKnownFileType = wrapper.framework; name = CoreGraphics.framework; path = System/Library/Frameworks/CoreGraphics.framework; sourceTree = SDKROOT; };
		EAF52C8C18284F0E002B88A3 /* UIKit.framework */ = {isa = PBXFileReference; lastKnownFileType = wrapper.framework; name = UIKit.framework; path = System/Library/Frameworks/UIKit.framework; sourceTree = SDKROOT; };
		EAF52C9018284F0E002B88A3 /* Smart Learning-Info.plist */ = {isa = PBXFileReference; lastKnownFileType = text.plist.xml; path = "Smart Learning-Info.plist"; sourceTree = "<group>"; };
		EAF52C9218284F0E002B88A3 /* en */ = {isa = PBXFileReference; lastKnownFileType = text.plist.strings; name = en; path = en.lproj/InfoPlist.strings; sourceTree = "<group>"; };
		EAF52C9418284F0E002B88A3 /* main.m */ = {isa = PBXFileReference; lastKnownFileType = sourcecode.c.objc; path = main.m; sourceTree = "<group>"; };
		EAF52C9618284F0E002B88A3 /* Smart Learning-Prefix.pch */ = {isa = PBXFileReference; lastKnownFileType = sourcecode.c.h; path = "Smart Learning-Prefix.pch"; sourceTree = "<group>"; };
		EAF52C9718284F0E002B88A3 /* AppDelegate.h */ = {isa = PBXFileReference; lastKnownFileType = sourcecode.c.h; path = AppDelegate.h; sourceTree = "<group>"; };
		EAF52C9818284F0E002B88A3 /* AppDelegate.m */ = {isa = PBXFileReference; lastKnownFileType = sourcecode.c.objc; path = AppDelegate.m; sourceTree = "<group>"; };
		EAF52C9B18284F0E002B88A3 /* Base */ = {isa = PBXFileReference; lastKnownFileType = file.storyboard; name = Base; path = Base.lproj/Main.storyboard; sourceTree = "<group>"; };
		EAF52C9D18284F0E002B88A3 /* ViewController.h */ = {isa = PBXFileReference; lastKnownFileType = sourcecode.c.h; path = ViewController.h; sourceTree = "<group>"; };
		EAF52C9E18284F0E002B88A3 /* ViewController.m */ = {isa = PBXFileReference; lastKnownFileType = sourcecode.c.objc; path = ViewController.m; sourceTree = "<group>"; };
		EAF52CA018284F0E002B88A3 /* Images.xcassets */ = {isa = PBXFileReference; lastKnownFileType = folder.assetcatalog; path = Images.xcassets; sourceTree = "<group>"; };
		EAF52CA618284F0E002B88A3 /* Smart LearningTests.xctest */ = {isa = PBXFileReference; explicitFileType = wrapper.cfbundle; includeInIndex = 0; path = "Smart LearningTests.xctest"; sourceTree = BUILT_PRODUCTS_DIR; };
		EAF52CA718284F0E002B88A3 /* XCTest.framework */ = {isa = PBXFileReference; lastKnownFileType = wrapper.framework; name = XCTest.framework; path = Library/Frameworks/XCTest.framework; sourceTree = DEVELOPER_DIR; };
		EAF52CAF18284F0E002B88A3 /* Smart LearningTests-Info.plist */ = {isa = PBXFileReference; lastKnownFileType = text.plist.xml; path = "Smart LearningTests-Info.plist"; sourceTree = "<group>"; };
		EAF52CB118284F0E002B88A3 /* en */ = {isa = PBXFileReference; lastKnownFileType = text.plist.strings; name = en; path = en.lproj/InfoPlist.strings; sourceTree = "<group>"; };
		EAF52CB318284F0E002B88A3 /* Smart_LearningTests.m */ = {isa = PBXFileReference; lastKnownFileType = sourcecode.c.objc; path = Smart_LearningTests.m; sourceTree = "<group>"; };
		EAF52CBD18287407002B88A3 /* cursive alphabet resz.png */ = {isa = PBXFileReference; lastKnownFileType = image.png; name = "cursive alphabet resz.png"; path = "../cursive alphabet resz.png"; sourceTree = "<group>"; };
		EAF52CCA18297F85002B88A3 /* picA.png */ = {isa = PBXFileReference; lastKnownFileType = image.png; path = picA.png; sourceTree = "<group>"; };
		EAF52CCD182988A3002B88A3 /* letterA.png */ = {isa = PBXFileReference; lastKnownFileType = image.png; path = letterA.png; sourceTree = "<group>"; };
		EAF52CD418298FB9002B88A3 /* menu.jpg */ = {isa = PBXFileReference; lastKnownFileType = image.jpeg; path = menu.jpg; sourceTree = "<group>"; };
		EAF52CD61829AEE1002B88A3 /* home.png */ = {isa = PBXFileReference; lastKnownFileType = image.png; path = home.png; sourceTree = "<group>"; };
		EAF52CE4182A2887002B88A3 /* questionMark.jpg */ = {isa = PBXFileReference; lastKnownFileType = image.jpeg; path = questionMark.jpg; sourceTree = "<group>"; };
		EAF52CE6182AC52C002B88A3 /* done.jpg */ = {isa = PBXFileReference; lastKnownFileType = image.jpeg; path = done.jpg; sourceTree = "<group>"; };
		EAF52CF2182AE154002B88A3 /* blueCyan.png */ = {isa = PBXFileReference; lastKnownFileType = image.png; path = blueCyan.png; sourceTree = "<group>"; };
		EAF52CF3182AE154002B88A3 /* purple.png */ = {isa = PBXFileReference; lastKnownFileType = image.png; path = purple.png; sourceTree = "<group>"; };
		EAF52CF4182AE154002B88A3 /* redCyan.png */ = {isa = PBXFileReference; lastKnownFileType = image.png; path = redCyan.png; sourceTree = "<group>"; };
		EAF52CF5182AE154002B88A3 /* yellow.png */ = {isa = PBXFileReference; lastKnownFileType = image.png; path = yellow.png; sourceTree = "<group>"; };
		EAF52CFA182AE16E002B88A3 /* blue.png */ = {isa = PBXFileReference; lastKnownFileType = image.png; path = blue.png; sourceTree = "<group>"; };
		EAF52CFB182AE16E002B88A3 /* blueGreen.png */ = {isa = PBXFileReference; lastKnownFileType = image.png; path = blueGreen.png; sourceTree = "<group>"; };
		EAF52CFC182AE16E002B88A3 /* blueMagenta.png */ = {isa = PBXFileReference; lastKnownFileType = image.png; path = blueMagenta.png; sourceTree = "<group>"; };
		EAF52CFD182AE16E002B88A3 /* blueYellow.png */ = {isa = PBXFileReference; lastKnownFileType = image.png; path = blueYellow.png; sourceTree = "<group>"; };
		EAF52CFE182AE16E002B88A3 /* brown.png */ = {isa = PBXFileReference; lastKnownFileType = image.png; path = brown.png; sourceTree = "<group>"; };
		EAF52CFF182AE16E002B88A3 /* cyan.png */ = {isa = PBXFileReference; lastKnownFileType = image.png; path = cyan.png; sourceTree = "<group>"; };
		EAF52D00182AE16E002B88A3 /* cyanMagenta.png */ = {isa = PBXFileReference; lastKnownFileType = image.png; path = cyanMagenta.png; sourceTree = "<group>"; };
		EAF52D01182AE16E002B88A3 /* green.png */ = {isa = PBXFileReference; lastKnownFileType = image.png; path = green.png; sourceTree = "<group>"; };
		EAF52D02182AE16E002B88A3 /* greenCyan.png */ = {isa = PBXFileReference; lastKnownFileType = image.png; path = greenCyan.png; sourceTree = "<group>"; };
		EAF52D03182AE16E002B88A3 /* greenMagenta.png */ = {isa = PBXFileReference; lastKnownFileType = image.png; path = greenMagenta.png; sourceTree = "<group>"; };
		EAF52D04182AE16E002B88A3 /* greenYellow.png */ = {isa = PBXFileReference; lastKnownFileType = image.png; path = greenYellow.png; sourceTree = "<group>"; };
		EAF52D05182AE16E002B88A3 /* magenta.png */ = {isa = PBXFileReference; lastKnownFileType = image.png; path = magenta.png; sourceTree = "<group>"; };
		EAF52D06182AE16E002B88A3 /* orange.jpg */ = {isa = PBXFileReference; lastKnownFileType = image.jpeg; path = orange.jpg; sourceTree = "<group>"; };
		EAF52D07182AE16E002B88A3 /* redMagenta.png */ = {isa = PBXFileReference; lastKnownFileType = image.png; path = redMagenta.png; sourceTree = "<group>"; };
		EAF52D08182AE16E002B88A3 /* yellowCyan.png */ = {isa = PBXFileReference; lastKnownFileType = image.png; path = yellowCyan.png; sourceTree = "<group>"; };
		EAF52D09182AE16E002B88A3 /* yellowMagenta.png */ = {isa = PBXFileReference; lastKnownFileType = image.png; path = yellowMagenta.png; sourceTree = "<group>"; };
		EAF52D1A182AE21D002B88A3 /* red.png */ = {isa = PBXFileReference; lastKnownFileType = image.png; path = red.png; sourceTree = "<group>"; };
		EAF52D20182B2171002B88A3 /* lowerA.png */ = {isa = PBXFileReference; lastKnownFileType = image.png; path = lowerA.png; sourceTree = "<group>"; };
		EAF52D21182B2171002B88A3 /* upperA.png */ = {isa = PBXFileReference; lastKnownFileType = image.png; path = upperA.png; sourceTree = "<group>"; };
		EAF52D24182B228E002B88A3 /* picB.png */ = {isa = PBXFileReference; lastKnownFileType = image.png; path = picB.png; sourceTree = "<group>"; };
		EAF52D26182B23E2002B88A3 /* lowerB.png */ = {isa = PBXFileReference; lastKnownFileType = image.png; path = lowerB.png; sourceTree = "<group>"; };
		EAF52D27182B23E2002B88A3 /* upperB.png */ = {isa = PBXFileReference; lastKnownFileType = image.png; path = upperB.png; sourceTree = "<group>"; };
		EAF52D2A182B2698002B88A3 /* upperC.png */ = {isa = PBXFileReference; lastKnownFileType = image.png; path = upperC.png; sourceTree = "<group>"; };
		EAF52D2C182B2769002B88A3 /* lowerC.png */ = {isa = PBXFileReference; lastKnownFileType = image.png; path = lowerC.png; sourceTree = "<group>"; };
		EAF52D2E182B2771002B88A3 /* picC.png */ = {isa = PBXFileReference; lastKnownFileType = image.png; path = picC.png; sourceTree = "<group>"; };
		EAF52D30182B2804002B88A3 /* lowerD.png */ = {isa = PBXFileReference; lastKnownFileType = image.png; path = lowerD.png; sourceTree = "<group>"; };
		EAF52D31182B2804002B88A3 /* picD.png */ = {isa = PBXFileReference; lastKnownFileType = image.png; path = picD.png; sourceTree = "<group>"; };
		EAF52D32182B2804002B88A3 /* upperD.png */ = {isa = PBXFileReference; lastKnownFileType = image.png; path = upperD.png; sourceTree = "<group>"; };
		EAF52D80182C9E77002B88A3 /* 0.gif */ = {isa = PBXFileReference; lastKnownFileType = image.gif; path = 0.gif; sourceTree = "<group>"; };
		EAF52D81182C9E77002B88A3 /* 1.gif */ = {isa = PBXFileReference; lastKnownFileType = image.gif; path = 1.gif; sourceTree = "<group>"; };
		EAF52D82182C9E77002B88A3 /* 10.gif */ = {isa = PBXFileReference; lastKnownFileType = image.gif; path = 10.gif; sourceTree = "<group>"; };
		EAF52D83182C9E77002B88A3 /* 11.gif */ = {isa = PBXFileReference; lastKnownFileType = image.gif; path = 11.gif; sourceTree = "<group>"; };
		EAF52D84182C9E77002B88A3 /* 12.gif */ = {isa = PBXFileReference; lastKnownFileType = image.gif; path = 12.gif; sourceTree = "<group>"; };
		EAF52D85182C9E77002B88A3 /* 13.gif */ = {isa = PBXFileReference; lastKnownFileType = image.gif; path = 13.gif; sourceTree = "<group>"; };
		EAF52D86182C9E77002B88A3 /* 14.gif */ = {isa = PBXFileReference; lastKnownFileType = image.gif; path = 14.gif; sourceTree = "<group>"; };
		EAF52D87182C9E77002B88A3 /* 15.gif */ = {isa = PBXFileReference; lastKnownFileType = image.gif; path = 15.gif; sourceTree = "<group>"; };
		EAF52D88182C9E77002B88A3 /* 16.gif */ = {isa = PBXFileReference; lastKnownFileType = image.gif; path = 16.gif; sourceTree = "<group>"; };
		EAF52D89182C9E77002B88A3 /* 17.gif */ = {isa = PBXFileReference; lastKnownFileType = image.gif; path = 17.gif; sourceTree = "<group>"; };
		EAF52D8A182C9E77002B88A3 /* 18.gif */ = {isa = PBXFileReference; lastKnownFileType = image.gif; path = 18.gif; sourceTree = "<group>"; };
		EAF52D8B182C9E77002B88A3 /* 19.gif */ = {isa = PBXFileReference; lastKnownFileType = image.gif; path = 19.gif; sourceTree = "<group>"; };
		EAF52D8C182C9E77002B88A3 /* 2.gif */ = {isa = PBXFileReference; lastKnownFileType = image.gif; path = 2.gif; sourceTree = "<group>"; };
		EAF52D8D182C9E77002B88A3 /* 20.gif */ = {isa = PBXFileReference; lastKnownFileType = image.gif; path = 20.gif; sourceTree = "<group>"; };
		EAF52D8E182C9E77002B88A3 /* 3.gif */ = {isa = PBXFileReference; lastKnownFileType = image.gif; path = 3.gif; sourceTree = "<group>"; };
		EAF52D8F182C9E77002B88A3 /* 4.gif */ = {isa = PBXFileReference; lastKnownFileType = image.gif; path = 4.gif; sourceTree = "<group>"; };
		EAF52D90182C9E77002B88A3 /* 5.gif */ = {isa = PBXFileReference; lastKnownFileType = image.gif; path = 5.gif; sourceTree = "<group>"; };
		EAF52D91182C9E77002B88A3 /* 6.gif */ = {isa = PBXFileReference; lastKnownFileType = image.gif; path = 6.gif; sourceTree = "<group>"; };
		EAF52D92182C9E77002B88A3 /* 7.gif */ = {isa = PBXFileReference; lastKnownFileType = image.gif; path = 7.gif; sourceTree = "<group>"; };
		EAF52D93182C9E77002B88A3 /* 8.gif */ = {isa = PBXFileReference; lastKnownFileType = image.gif; path = 8.gif; sourceTree = "<group>"; };
		EAF52D94182C9E77002B88A3 /* 9.gif */ = {isa = PBXFileReference; lastKnownFileType = image.gif; path = 9.gif; sourceTree = "<group>"; };
		EAF52DAA182CA4ED002B88A3 /* animation_A.gif */ = {isa = PBXFileReference; lastKnownFileType = image.gif; name = animation_A.gif; path = animationA/animation_A.gif; sourceTree = "<group>"; };
		EAF52DAC182CB4AC002B88A3 /* lowerE.png */ = {isa = PBXFileReference; lastKnownFileType = image.png; path = lowerE.png; sourceTree = "<group>"; };
		EAF52DAD182CB4AC002B88A3 /* lowerF.png */ = {isa = PBXFileReference; lastKnownFileType = image.png; path = lowerF.png; sourceTree = "<group>"; };
		EAF52DAE182CB4AC002B88A3 /* lowerG.png */ = {isa = PBXFileReference; lastKnownFileType = image.png; path = lowerG.png; sourceTree = "<group>"; };
		EAF52DAF182CB4AC002B88A3 /* lowerH.png */ = {isa = PBXFileReference; lastKnownFileType = image.png; path = lowerH.png; sourceTree = "<group>"; };
		EAF52DB0182CB4AC002B88A3 /* lowerI.png */ = {isa = PBXFileReference; lastKnownFileType = image.png; path = lowerI.png; sourceTree = "<group>"; };
		EAF52DB1182CB4AC002B88A3 /* lowerJ.png */ = {isa = PBXFileReference; lastKnownFileType = image.png; path = lowerJ.png; sourceTree = "<group>"; };
		EAF52DB2182CB4AC002B88A3 /* lowerK.png */ = {isa = PBXFileReference; lastKnownFileType = image.png; path = lowerK.png; sourceTree = "<group>"; };
		EAF52DB3182CB4AC002B88A3 /* lowerL.png */ = {isa = PBXFileReference; lastKnownFileType = image.png; path = lowerL.png; sourceTree = "<group>"; };
		EAF52DB4182CB4AC002B88A3 /* lowerM.png */ = {isa = PBXFileReference; lastKnownFileType = image.png; path = lowerM.png; sourceTree = "<group>"; };
		EAF52DB5182CB4AC002B88A3 /* upperE.png */ = {isa = PBXFileReference; lastKnownFileType = image.png; path = upperE.png; sourceTree = "<group>"; };
		EAF52DB6182CB4AC002B88A3 /* upperF.png */ = {isa = PBXFileReference; lastKnownFileType = image.png; path = upperF.png; sourceTree = "<group>"; };
		EAF52DB7182CB4AC002B88A3 /* upperG.png */ = {isa = PBXFileReference; lastKnownFileType = image.png; path = upperG.png; sourceTree = "<group>"; };
		EAF52DB8182CB4AC002B88A3 /* upperH.png */ = {isa = PBXFileReference; lastKnownFileType = image.png; path = upperH.png; sourceTree = "<group>"; };
		EAF52DB9182CB4AC002B88A3 /* upperI.png */ = {isa = PBXFileReference; lastKnownFileType = image.png; path = upperI.png; sourceTree = "<group>"; };
		EAF52DBA182CB4AC002B88A3 /* upperJ.png */ = {isa = PBXFileReference; lastKnownFileType = image.png; path = upperJ.png; sourceTree = "<group>"; };
		EAF52DBB182CB4AC002B88A3 /* upperK.png */ = {isa = PBXFileReference; lastKnownFileType = image.png; path = upperK.png; sourceTree = "<group>"; };
		EAF52DBC182CB4AC002B88A3 /* upperL.png */ = {isa = PBXFileReference; lastKnownFileType = image.png; path = upperL.png; sourceTree = "<group>"; };
		EAF52DBD182CB4AC002B88A3 /* upperM.png */ = {isa = PBXFileReference; lastKnownFileType = image.png; path = upperM.png; sourceTree = "<group>"; };
		EAF52DD0182CB83E002B88A3 /* lowerN.png */ = {isa = PBXFileReference; lastKnownFileType = image.png; path = lowerN.png; sourceTree = "<group>"; };
		EAF52DD1182CB83F002B88A3 /* lowerO.png */ = {isa = PBXFileReference; lastKnownFileType = image.png; path = lowerO.png; sourceTree = "<group>"; };
		EAF52DD2182CB83F002B88A3 /* lowerP.png */ = {isa = PBXFileReference; lastKnownFileType = image.png; path = lowerP.png; sourceTree = "<group>"; };
		EAF52DD3182CB83F002B88A3 /* lowerQ.png */ = {isa = PBXFileReference; lastKnownFileType = image.png; path = lowerQ.png; sourceTree = "<group>"; };
		EAF52DD4182CB83F002B88A3 /* lowerR.png */ = {isa = PBXFileReference; lastKnownFileType = image.png; path = lowerR.png; sourceTree = "<group>"; };
		EAF52DD5182CB83F002B88A3 /* lowerS.png */ = {isa = PBXFileReference; lastKnownFileType = image.png; path = lowerS.png; sourceTree = "<group>"; };
		EAF52DD6182CB83F002B88A3 /* lowerT.png */ = {isa = PBXFileReference; lastKnownFileType = image.png; path = lowerT.png; sourceTree = "<group>"; };
		EAF52DD7182CB83F002B88A3 /* lowerU.png */ = {isa = PBXFileReference; lastKnownFileType = image.png; path = lowerU.png; sourceTree = "<group>"; };
		EAF52DD8182CB83F002B88A3 /* lowerV.png */ = {isa = PBXFileReference; lastKnownFileType = image.png; path = lowerV.png; sourceTree = "<group>"; };
		EAF52DD9182CB83F002B88A3 /* lowerW.png */ = {isa = PBXFileReference; lastKnownFileType = image.png; path = lowerW.png; sourceTree = "<group>"; };
		EAF52DDA182CB83F002B88A3 /* lowerX.png */ = {isa = PBXFileReference; lastKnownFileType = image.png; path = lowerX.png; sourceTree = "<group>"; };
		EAF52DDB182CB83F002B88A3 /* lowerY.png */ = {isa = PBXFileReference; lastKnownFileType = image.png; path = lowerY.png; sourceTree = "<group>"; };
		EAF52DDC182CB83F002B88A3 /* lowerZ.png */ = {isa = PBXFileReference; lastKnownFileType = image.png; path = lowerZ.png; sourceTree = "<group>"; };
		EAF52DDD182CB83F002B88A3 /* upperN.png */ = {isa = PBXFileReference; lastKnownFileType = image.png; path = upperN.png; sourceTree = "<group>"; };
		EAF52DDE182CB83F002B88A3 /* upperO.png */ = {isa = PBXFileReference; lastKnownFileType = image.png; path = upperO.png; sourceTree = "<group>"; };
		EAF52DDF182CB83F002B88A3 /* upperP.png */ = {isa = PBXFileReference; lastKnownFileType = image.png; path = upperP.png; sourceTree = "<group>"; };
		EAF52DE0182CB83F002B88A3 /* upperQ.png */ = {isa = PBXFileReference; lastKnownFileType = image.png; path = upperQ.png; sourceTree = "<group>"; };
		EAF52DE1182CB83F002B88A3 /* upperR.png */ = {isa = PBXFileReference; lastKnownFileType = image.png; path = upperR.png; sourceTree = "<group>"; };
		EAF52DE2182CB83F002B88A3 /* upperS.png */ = {isa = PBXFileReference; lastKnownFileType = image.png; path = upperS.png; sourceTree = "<group>"; };
		EAF52DE3182CB83F002B88A3 /* upperT.png */ = {isa = PBXFileReference; lastKnownFileType = image.png; path = upperT.png; sourceTree = "<group>"; };
		EAF52DE4182CB83F002B88A3 /* upperU.png */ = {isa = PBXFileReference; lastKnownFileType = image.png; path = upperU.png; sourceTree = "<group>"; };
		EAF52DE5182CB83F002B88A3 /* upperV.png */ = {isa = PBXFileReference; lastKnownFileType = image.png; path = upperV.png; sourceTree = "<group>"; };
		EAF52DE6182CB83F002B88A3 /* upperW.png */ = {isa = PBXFileReference; lastKnownFileType = image.png; path = upperW.png; sourceTree = "<group>"; };
		EAF52DE7182CB83F002B88A3 /* upperX.png */ = {isa = PBXFileReference; lastKnownFileType = image.png; path = upperX.png; sourceTree = "<group>"; };
		EAF52DE8182CB83F002B88A3 /* upperY.png */ = {isa = PBXFileReference; lastKnownFileType = image.png; path = upperY.png; sourceTree = "<group>"; };
		EAF52DE9182CB83F002B88A3 /* upperZ.png */ = {isa = PBXFileReference; lastKnownFileType = image.png; path = upperZ.png; sourceTree = "<group>"; };
		EAF52E04182D8A1A002B88A3 /* tryagain.png */ = {isa = PBXFileReference; lastKnownFileType = image.png; path = tryagain.png; sourceTree = "<group>"; };
		EAF52E05182D8A1A002B88A3 /* welldone.png */ = {isa = PBXFileReference; lastKnownFileType = image.png; path = welldone.png; sourceTree = "<group>"; };
		EAF52E08182DA661002B88A3 /* LetterWritingPad.h */ = {isa = PBXFileReference; fileEncoding = 4; lastKnownFileType = sourcecode.c.h; path = LetterWritingPad.h; sourceTree = "<group>"; };
		EAF52E09182DA661002B88A3 /* LetterWritingPad.m */ = {isa = PBXFileReference; fileEncoding = 4; lastKnownFileType = sourcecode.c.objc; path = LetterWritingPad.m; sourceTree = "<group>"; };
		EAF52E0B182F478D002B88A3 /* menuBkgd.png */ = {isa = PBXFileReference; lastKnownFileType = image.png; path = menuBkgd.png; sourceTree = "<group>"; };
/* End PBXFileReference section */

/* Begin PBXFrameworksBuildPhase section */
		EAF52C8218284F0E002B88A3 /* Frameworks */ = {
			isa = PBXFrameworksBuildPhase;
			buildActionMask = 2147483647;
			files = (
				EAF52C8B18284F0E002B88A3 /* CoreGraphics.framework in Frameworks */,
				EAF52C8D18284F0E002B88A3 /* UIKit.framework in Frameworks */,
				EAF52C8918284F0E002B88A3 /* Foundation.framework in Frameworks */,
			);
			runOnlyForDeploymentPostprocessing = 0;
		};
		EAF52CA318284F0E002B88A3 /* Frameworks */ = {
			isa = PBXFrameworksBuildPhase;
			buildActionMask = 2147483647;
			files = (
				EAF52CA818284F0E002B88A3 /* XCTest.framework in Frameworks */,
				EAF52CAA18284F0E002B88A3 /* UIKit.framework in Frameworks */,
				EAF52CA918284F0E002B88A3 /* Foundation.framework in Frameworks */,
			);
			runOnlyForDeploymentPostprocessing = 0;
		};
/* End PBXFrameworksBuildPhase section */

/* Begin PBXGroup section */
		EAF52C7C18284F0E002B88A3 = {
			isa = PBXGroup;
			children = (
				EAF52C8E18284F0E002B88A3 /* Smart Learning */,
				EAF52CAD18284F0E002B88A3 /* Smart LearningTests */,
				EAF52C8718284F0E002B88A3 /* Frameworks */,
				EAF52C8618284F0E002B88A3 /* Products */,
			);
			sourceTree = "<group>";
		};
		EAF52C8618284F0E002B88A3 /* Products */ = {
			isa = PBXGroup;
			children = (
				EAF52C8518284F0E002B88A3 /* Smart Learning.app */,
				EAF52CA618284F0E002B88A3 /* Smart LearningTests.xctest */,
			);
			name = Products;
			sourceTree = "<group>";
		};
		EAF52C8718284F0E002B88A3 /* Frameworks */ = {
			isa = PBXGroup;
			children = (
				EAF52C8818284F0E002B88A3 /* Foundation.framework */,
				EAF52C8A18284F0E002B88A3 /* CoreGraphics.framework */,
				EAF52C8C18284F0E002B88A3 /* UIKit.framework */,
				EAF52CA718284F0E002B88A3 /* XCTest.framework */,
			);
			name = Frameworks;
			sourceTree = "<group>";
		};
		EAF52C8E18284F0E002B88A3 /* Smart Learning */ = {
			isa = PBXGroup;
			children = (
				EAF52C9718284F0E002B88A3 /* AppDelegate.h */,
				EAF52C9818284F0E002B88A3 /* AppDelegate.m */,
				EAF52C9A18284F0E002B88A3 /* Main.storyboard */,
				EAF52C9D18284F0E002B88A3 /* ViewController.h */,
				EAF52C9E18284F0E002B88A3 /* ViewController.m */,
				EAF52E08182DA661002B88A3 /* LetterWritingPad.h */,
				EAF52E09182DA661002B88A3 /* LetterWritingPad.m */,
				EAF52CA018284F0E002B88A3 /* Images.xcassets */,
				EAF52C8F18284F0E002B88A3 /* Supporting Files */,
			);
			path = "Smart Learning";
			sourceTree = "<group>";
		};
		EAF52C8F18284F0E002B88A3 /* Supporting Files */ = {
			isa = PBXGroup;
			children = (
				EAF52D7F182C9E77002B88A3 /* animationA */,
				EAF52DAA182CA4ED002B88A3 /* animation_A.gif */,
				EAF52CFA182AE16E002B88A3 /* blue.png */,
				EAF52CFB182AE16E002B88A3 /* blueGreen.png */,
				EAF52D1A182AE21D002B88A3 /* red.png */,
				EAF52D26182B23E2002B88A3 /* lowerB.png */,
				EAF52E0B182F478D002B88A3 /* menuBkgd.png */,
				EAF52D2A182B2698002B88A3 /* upperC.png */,
				EAF52DD0182CB83E002B88A3 /* lowerN.png */,
				EAF52DD1182CB83F002B88A3 /* lowerO.png */,
				EAF52DD2182CB83F002B88A3 /* lowerP.png */,
				EAF52DD3182CB83F002B88A3 /* lowerQ.png */,
				EAF52E04182D8A1A002B88A3 /* tryagain.png */,
				EAF52E05182D8A1A002B88A3 /* welldone.png */,
				EAF52DD4182CB83F002B88A3 /* lowerR.png */,
				EAF52DD5182CB83F002B88A3 /* lowerS.png */,
				EAF52DD6182CB83F002B88A3 /* lowerT.png */,
				EAF52DD7182CB83F002B88A3 /* lowerU.png */,
				EAF52DD8182CB83F002B88A3 /* lowerV.png */,
				EAF52DD9182CB83F002B88A3 /* lowerW.png */,
				EAF52DDA182CB83F002B88A3 /* lowerX.png */,
				EAF52DDB182CB83F002B88A3 /* lowerY.png */,
				EAF52DDC182CB83F002B88A3 /* lowerZ.png */,
				EAF52DDD182CB83F002B88A3 /* upperN.png */,
				EAF52DDE182CB83F002B88A3 /* upperO.png */,
				EAF52DDF182CB83F002B88A3 /* upperP.png */,
				EAF52DE0182CB83F002B88A3 /* upperQ.png */,
				EAF52DE1182CB83F002B88A3 /* upperR.png */,
				EAF52DE2182CB83F002B88A3 /* upperS.png */,
				EAF52DE3182CB83F002B88A3 /* upperT.png */,
				EAF52DE4182CB83F002B88A3 /* upperU.png */,
				EAF52DE5182CB83F002B88A3 /* upperV.png */,
				EAF52DE6182CB83F002B88A3 /* upperW.png */,
				EAF52DE7182CB83F002B88A3 /* upperX.png */,
				EAF52DE8182CB83F002B88A3 /* upperY.png */,
				EAF52DE9182CB83F002B88A3 /* upperZ.png */,
				EAF52D27182B23E2002B88A3 /* upperB.png */,
				EAF52DAC182CB4AC002B88A3 /* lowerE.png */,
				EAF52DAD182CB4AC002B88A3 /* lowerF.png */,
				EAF52DAE182CB4AC002B88A3 /* lowerG.png */,
				EAF52DAF182CB4AC002B88A3 /* lowerH.png */,
				EAF52DB0182CB4AC002B88A3 /* lowerI.png */,
				EAF52DB1182CB4AC002B88A3 /* lowerJ.png */,
				EAF52DB2182CB4AC002B88A3 /* lowerK.png */,
				EAF52DB3182CB4AC002B88A3 /* lowerL.png */,
				EAF52DB4182CB4AC002B88A3 /* lowerM.png */,
				EAF52DB5182CB4AC002B88A3 /* upperE.png */,
				EAF52DB6182CB4AC002B88A3 /* upperF.png */,
				EAF52DB7182CB4AC002B88A3 /* upperG.png */,
				EAF52DB8182CB4AC002B88A3 /* upperH.png */,
				EAF52DB9182CB4AC002B88A3 /* upperI.png */,
				EAF52DBA182CB4AC002B88A3 /* upperJ.png */,
				EAF52DBB182CB4AC002B88A3 /* upperK.png */,
				EAF52DBC182CB4AC002B88A3 /* upperL.png */,
				EAF52DBD182CB4AC002B88A3 /* upperM.png */,
				EAF52CFC182AE16E002B88A3 /* blueMagenta.png */,
				EAF52CFD182AE16E002B88A3 /* blueYellow.png */,
				EAF52CFE182AE16E002B88A3 /* brown.png */,
				EAF52CFF182AE16E002B88A3 /* cyan.png */,
				EAF52D30182B2804002B88A3 /* lowerD.png */,
				EAF52D31182B2804002B88A3 /* picD.png */,
				EAF52D32182B2804002B88A3 /* upperD.png */,
				EAF52D00182AE16E002B88A3 /* cyanMagenta.png */,
				EAF52D2E182B2771002B88A3 /* picC.png */,
				EAF52D20182B2171002B88A3 /* lowerA.png */,
				EAF52D2C182B2769002B88A3 /* lowerC.png */,
				EAF52D21182B2171002B88A3 /* upperA.png */,
				EAF52D01182AE16E002B88A3 /* green.png */,
				EAF52D02182AE16E002B88A3 /* greenCyan.png */,
				EAF52D03182AE16E002B88A3 /* greenMagenta.png */,
				EAF52D24182B228E002B88A3 /* picB.png */,
				EAF52D04182AE16E002B88A3 /* greenYellow.png */,
				EAF52D05182AE16E002B88A3 /* magenta.png */,
				EAF52D06182AE16E002B88A3 /* orange.jpg */,
				EAF52D07182AE16E002B88A3 /* redMagenta.png */,
				EAF52D08182AE16E002B88A3 /* yellowCyan.png */,
				EAF52D09182AE16E002B88A3 /* yellowMagenta.png */,
				EAF52CF2182AE154002B88A3 /* blueCyan.png */,
				EAF52CF3182AE154002B88A3 /* purple.png */,
				EAF52CF4182AE154002B88A3 /* redCyan.png */,
				EAF52CF5182AE154002B88A3 /* yellow.png */,
				EAF52CE6182AC52C002B88A3 /* done.jpg */,
				EAF52CE4182A2887002B88A3 /* questionMark.jpg */,
				EAF52CCD182988A3002B88A3 /* letterA.png */,
				EAF52CBD18287407002B88A3 /* cursive alphabet resz.png */,
				EAF52CD61829AEE1002B88A3 /* home.png */,
				EAF52CD418298FB9002B88A3 /* menu.jpg */,
				EAF52CCA18297F85002B88A3 /* picA.png */,
				EAF52C9018284F0E002B88A3 /* Smart Learning-Info.plist */,
				EAF52C9118284F0E002B88A3 /* InfoPlist.strings */,
				EAF52C9418284F0E002B88A3 /* main.m */,
				EAF52C9618284F0E002B88A3 /* Smart Learning-Prefix.pch */,
			);
			name = "Supporting Files";
			sourceTree = "<group>";
		};
		EAF52CAD18284F0E002B88A3 /* Smart LearningTests */ = {
			isa = PBXGroup;
			children = (
				EAF52CB318284F0E002B88A3 /* Smart_LearningTests.m */,
				EAF52CAE18284F0E002B88A3 /* Supporting Files */,
			);
			path = "Smart LearningTests";
			sourceTree = "<group>";
		};
		EAF52CAE18284F0E002B88A3 /* Supporting Files */ = {
			isa = PBXGroup;
			children = (
				EAF52CAF18284F0E002B88A3 /* Smart LearningTests-Info.plist */,
				EAF52CB018284F0E002B88A3 /* InfoPlist.strings */,
			);
			name = "Supporting Files";
			sourceTree = "<group>";
		};
		EAF52D7F182C9E77002B88A3 /* animationA */ = {
			isa = PBXGroup;
			children = (
				EAF52D80182C9E77002B88A3 /* 0.gif */,
				EAF52D81182C9E77002B88A3 /* 1.gif */,
				EAF52D82182C9E77002B88A3 /* 10.gif */,
				EAF52D83182C9E77002B88A3 /* 11.gif */,
				EAF52D84182C9E77002B88A3 /* 12.gif */,
				EAF52D85182C9E77002B88A3 /* 13.gif */,
				EAF52D86182C9E77002B88A3 /* 14.gif */,
				EAF52D87182C9E77002B88A3 /* 15.gif */,
				EAF52D88182C9E77002B88A3 /* 16.gif */,
				EAF52D89182C9E77002B88A3 /* 17.gif */,
				EAF52D8A182C9E77002B88A3 /* 18.gif */,
				EAF52D8B182C9E77002B88A3 /* 19.gif */,
				EAF52D8C182C9E77002B88A3 /* 2.gif */,
				EAF52D8D182C9E77002B88A3 /* 20.gif */,
				EAF52D8E182C9E77002B88A3 /* 3.gif */,
				EAF52D8F182C9E77002B88A3 /* 4.gif */,
				EAF52D90182C9E77002B88A3 /* 5.gif */,
				EAF52D91182C9E77002B88A3 /* 6.gif */,
				EAF52D92182C9E77002B88A3 /* 7.gif */,
				EAF52D93182C9E77002B88A3 /* 8.gif */,
				EAF52D94182C9E77002B88A3 /* 9.gif */,
			);
			path = animationA;
			sourceTree = "<group>";
		};
/* End PBXGroup section */

/* Begin PBXNativeTarget section */
		EAF52C8418284F0E002B88A3 /* Smart Learning */ = {
			isa = PBXNativeTarget;
			buildConfigurationList = EAF52CB718284F0E002B88A3 /* Build configuration list for PBXNativeTarget "Smart Learning" */;
			buildPhases = (
				EAF52C8118284F0E002B88A3 /* Sources */,
				EAF52C8218284F0E002B88A3 /* Frameworks */,
				EAF52C8318284F0E002B88A3 /* Resources */,
			);
			buildRules = (
			);
			dependencies = (
			);
			name = "Smart Learning";
			productName = "Smart Learning";
			productReference = EAF52C8518284F0E002B88A3 /* Smart Learning.app */;
			productType = "com.apple.product-type.application";
		};
		EAF52CA518284F0E002B88A3 /* Smart LearningTests */ = {
			isa = PBXNativeTarget;
			buildConfigurationList = EAF52CBA18284F0E002B88A3 /* Build configuration list for PBXNativeTarget "Smart LearningTests" */;
			buildPhases = (
				EAF52CA218284F0E002B88A3 /* Sources */,
				EAF52CA318284F0E002B88A3 /* Frameworks */,
				EAF52CA418284F0E002B88A3 /* Resources */,
			);
			buildRules = (
			);
			dependencies = (
				EAF52CAC18284F0E002B88A3 /* PBXTargetDependency */,
			);
			name = "Smart LearningTests";
			productName = "Smart LearningTests";
			productReference = EAF52CA618284F0E002B88A3 /* Smart LearningTests.xctest */;
			productType = "com.apple.product-type.bundle.unit-test";
		};
/* End PBXNativeTarget section */

/* Begin PBXProject section */
		EAF52C7D18284F0E002B88A3 /* Project object */ = {
			isa = PBXProject;
			attributes = {
				LastUpgradeCheck = 0500;
				ORGANIZATIONNAME = "Doris Shum";
				TargetAttributes = {
					EAF52CA518284F0E002B88A3 = {
						TestTargetID = EAF52C8418284F0E002B88A3;
					};
				};
			};
			buildConfigurationList = EAF52C8018284F0E002B88A3 /* Build configuration list for PBXProject "Smart Learning" */;
			compatibilityVersion = "Xcode 3.2";
			developmentRegion = English;
			hasScannedForEncodings = 0;
			knownRegions = (
				en,
				Base,
			);
			mainGroup = EAF52C7C18284F0E002B88A3;
			productRefGroup = EAF52C8618284F0E002B88A3 /* Products */;
			projectDirPath = "";
			projectRoot = "";
			targets = (
				EAF52C8418284F0E002B88A3 /* Smart Learning */,
				EAF52CA518284F0E002B88A3 /* Smart LearningTests */,
			);
		};
/* End PBXProject section */

/* Begin PBXResourcesBuildPhase section */
		EAF52C8318284F0E002B88A3 /* Resources */ = {
			isa = PBXResourcesBuildPhase;
			buildActionMask = 2147483647;
			files = (
				EAF52DF6182CB83F002B88A3 /* lowerZ.png in Resources */,
				EAF52DEE182CB83F002B88A3 /* lowerR.png in Resources */,
				EAF52DCD182CB4AC002B88A3 /* upperK.png in Resources */,
				EAF52CE5182A2887002B88A3 /* questionMark.jpg in Resources */,
				EAF52CCC18297F85002B88A3 /* picA.png in Resources */,
				EAF52D10182AE16F002B88A3 /* cyanMagenta.png in Resources */,
				EAF52DCC182CB4AC002B88A3 /* upperJ.png in Resources */,
				EAF52DCF182CB4AC002B88A3 /* upperM.png in Resources */,
				EAF52DC8182CB4AC002B88A3 /* upperF.png in Resources */,
				EAF52CF7182AE154002B88A3 /* purple.png in Resources */,
				EAF52DEC182CB83F002B88A3 /* lowerP.png in Resources */,
				EAF52E07182D8A1A002B88A3 /* welldone.png in Resources */,
				EAF52DA3182C9E77002B88A3 /* 3.gif in Resources */,
				EAF52DF5182CB83F002B88A3 /* lowerY.png in Resources */,
				EAF52E01182CB83F002B88A3 /* upperX.png in Resources */,
				EAF52DFF182CB83F002B88A3 /* upperV.png in Resources */,
				EAF52CA118284F0E002B88A3 /* Images.xcassets in Resources */,
				EAF52D9B182C9E77002B88A3 /* 14.gif in Resources */,
				EAF52DED182CB83F002B88A3 /* lowerQ.png in Resources */,
				EAF52DFC182CB83F002B88A3 /* upperS.png in Resources */,
				EAF52CF8182AE154002B88A3 /* redCyan.png in Resources */,
				EAF52D33182B2804002B88A3 /* lowerD.png in Resources */,
				EAF52DC4182CB4AC002B88A3 /* lowerK.png in Resources */,
				EAF52CD71829AEE1002B88A3 /* home.png in Resources */,
				EAF52D18182AE16F002B88A3 /* yellowCyan.png in Resources */,
				EAF52DC2182CB4AC002B88A3 /* lowerI.png in Resources */,
				EAF52DF1182CB83F002B88A3 /* lowerU.png in Resources */,
				EAF52D98182C9E77002B88A3 /* 11.gif in Resources */,
				EAF52D0F182AE16F002B88A3 /* cyan.png in Resources */,
				EAF52DC5182CB4AC002B88A3 /* lowerL.png in Resources */,
				EAF52D19182AE16F002B88A3 /* yellowMagenta.png in Resources */,
				EAF52DEB182CB83F002B88A3 /* lowerO.png in Resources */,
				EAF52D9D182C9E77002B88A3 /* 16.gif in Resources */,
				EAF52DC3182CB4AC002B88A3 /* lowerJ.png in Resources */,
				EAF52DFD182CB83F002B88A3 /* upperT.png in Resources */,
				EAF52DF4182CB83F002B88A3 /* lowerX.png in Resources */,
				EAF52DA2182C9E77002B88A3 /* 20.gif in Resources */,
				EAF52C9318284F0E002B88A3 /* InfoPlist.strings in Resources */,
				EAF52CF6182AE154002B88A3 /* blueCyan.png in Resources */,
				EAF52D97182C9E77002B88A3 /* 10.gif in Resources */,
				EAF52D9A182C9E77002B88A3 /* 13.gif in Resources */,
				EAF52D23182B2171002B88A3 /* upperA.png in Resources */,
				EAF52DBE182CB4AC002B88A3 /* lowerE.png in Resources */,
				EAF52D2F182B2771002B88A3 /* picC.png in Resources */,
				EAF52DC6182CB4AC002B88A3 /* lowerM.png in Resources */,
				EAF52DF0182CB83F002B88A3 /* lowerT.png in Resources */,
				EAF52DA7182C9E77002B88A3 /* 7.gif in Resources */,
				EAF52DA0182C9E77002B88A3 /* 19.gif in Resources */,
				EAF52D29182B23E2002B88A3 /* upperB.png in Resources */,
				EAF52D15182AE16F002B88A3 /* magenta.png in Resources */,
				EAF52D28182B23E2002B88A3 /* lowerB.png in Resources */,
				EAF52DC7182CB4AC002B88A3 /* upperE.png in Resources */,
				EAF52D16182AE16F002B88A3 /* orange.jpg in Resources */,
				EAF52D11182AE16F002B88A3 /* green.png in Resources */,
				EAF52D0D182AE16F002B88A3 /* blueYellow.png in Resources */,
				EAF52CBE18287407002B88A3 /* cursive alphabet resz.png in Resources */,
				EAF52E00182CB83F002B88A3 /* upperW.png in Resources */,
				EAF52DA5182C9E77002B88A3 /* 5.gif in Resources */,
				EAF52DF9182CB83F002B88A3 /* upperP.png in Resources */,
				EAF52D14182AE16F002B88A3 /* greenYellow.png in Resources */,
				EAF52D0A182AE16F002B88A3 /* blue.png in Resources */,
				EAF52DC9182CB4AC002B88A3 /* upperG.png in Resources */,
				EAF52DA9182C9E77002B88A3 /* 9.gif in Resources */,
				EAF52D1B182AE21D002B88A3 /* red.png in Resources */,
				EAF52DFA182CB83F002B88A3 /* upperQ.png in Resources */,
				EAF52DEA182CB83F002B88A3 /* lowerN.png in Resources */,
				EAF52D34182B2804002B88A3 /* picD.png in Resources */,
				EAF52DF2182CB83F002B88A3 /* lowerV.png in Resources */,
				EAF52E03182CB83F002B88A3 /* upperZ.png in Resources */,
				EAF52D35182B2804002B88A3 /* upperD.png in Resources */,
				EAF52DC1182CB4AC002B88A3 /* lowerH.png in Resources */,
				EAF52D99182C9E77002B88A3 /* 12.gif in Resources */,
				EAF52E02182CB83F002B88A3 /* upperY.png in Resources */,
				EAF52D0B182AE16F002B88A3 /* blueGreen.png in Resources */,
				EAF52DA8182C9E77002B88A3 /* 8.gif in Resources */,
				EAF52DA1182C9E77002B88A3 /* 2.gif in Resources */,
				EAF52DFE182CB83F002B88A3 /* upperU.png in Resources */,
				EAF52DA4182C9E77002B88A3 /* 4.gif in Resources */,
				EAF52E0C182F478D002B88A3 /* menuBkgd.png in Resources */,
				EAF52D2D182B2769002B88A3 /* lowerC.png in Resources */,
				EAF52D9F182C9E77002B88A3 /* 18.gif in Resources */,
				EAF52E06182D8A1A002B88A3 /* tryagain.png in Resources */,
				EAF52DCB182CB4AC002B88A3 /* upperI.png in Resources */,
				EAF52CD518298FB9002B88A3 /* menu.jpg in Resources */,
				EAF52D25182B228E002B88A3 /* picB.png in Resources */,
				EAF52DCA182CB4AC002B88A3 /* upperH.png in Resources */,
				EAF52DBF182CB4AC002B88A3 /* lowerF.png in Resources */,
				EAF52D2B182B2698002B88A3 /* upperC.png in Resources */,
				EAF52C9C18284F0E002B88A3 /* Main.storyboard in Resources */,
				EAF52D96182C9E77002B88A3 /* 1.gif in Resources */,
				EAF52DEF182CB83F002B88A3 /* lowerS.png in Resources */,
				EAF52D95182C9E77002B88A3 /* 0.gif in Resources */,
				EAF52CCE182988A3002B88A3 /* letterA.png in Resources */,
				EAF52D9C182C9E77002B88A3 /* 15.gif in Resources */,
				EAF52DF3182CB83F002B88A3 /* lowerW.png in Resources */,
				EAF52CF9182AE154002B88A3 /* yellow.png in Resources */,
				EAF52D13182AE16F002B88A3 /* greenMagenta.png in Resources */,
				EAF52D17182AE16F002B88A3 /* redMagenta.png in Resources */,
				EAF52D22182B2171002B88A3 /* lowerA.png in Resources */,
				EAF52DFB182CB83F002B88A3 /* upperR.png in Resources */,
				EAF52D0E182AE16F002B88A3 /* brown.png in Resources */,
				EAF52D9E182C9E77002B88A3 /* 17.gif in Resources */,
				EAF52DC0182CB4AC002B88A3 /* lowerG.png in Resources */,
				EAF52DCE182CB4AC002B88A3 /* upperL.png in Resources */,
				EAF52DF8182CB83F002B88A3 /* upperO.png in Resources */,
				EAF52D12182AE16F002B88A3 /* greenCyan.png in Resources */,
				EAF52DF7182CB83F002B88A3 /* upperN.png in Resources */,
				EAF52CE7182AC52C002B88A3 /* done.jpg in Resources */,
				EAF52DA6182C9E77002B88A3 /* 6.gif in Resources */,
				EAF52DAB182CA4ED002B88A3 /* animation_A.gif in Resources */,
				EAF52D0C182AE16F002B88A3 /* blueMagenta.png in Resources */,
			);
			runOnlyForDeploymentPostprocessing = 0;
		};
		EAF52CA418284F0E002B88A3 /* Resources */ = {
			isa = PBXResourcesBuildPhase;
			buildActionMask = 2147483647;
			files = (
				EAF52CB218284F0E002B88A3 /* InfoPlist.strings in Resources */,
			);
			runOnlyForDeploymentPostprocessing = 0;
		};
/* End PBXResourcesBuildPhase section */

/* Begin PBXSourcesBuildPhase section */
		EAF52C8118284F0E002B88A3 /* Sources */ = {
			isa = PBXSourcesBuildPhase;
			buildActionMask = 2147483647;
			files = (
				EAF52C9F18284F0E002B88A3 /* ViewController.m in Sources */,
				EAF52C9918284F0E002B88A3 /* AppDelegate.m in Sources */,
				EAF52C9518284F0E002B88A3 /* main.m in Sources */,
				EAF52E0A182DA661002B88A3 /* LetterWritingPad.m in Sources */,
			);
			runOnlyForDeploymentPostprocessing = 0;
		};
		EAF52CA218284F0E002B88A3 /* Sources */ = {
			isa = PBXSourcesBuildPhase;
			buildActionMask = 2147483647;
			files = (
				EAF52CB418284F0E002B88A3 /* Smart_LearningTests.m in Sources */,
			);
			runOnlyForDeploymentPostprocessing = 0;
		};
/* End PBXSourcesBuildPhase section */

/* Begin PBXTargetDependency section */
		EAF52CAC18284F0E002B88A3 /* PBXTargetDependency */ = {
			isa = PBXTargetDependency;
			target = EAF52C8418284F0E002B88A3 /* Smart Learning */;
			targetProxy = EAF52CAB18284F0E002B88A3 /* PBXContainerItemProxy */;
		};
/* End PBXTargetDependency section */

/* Begin PBXVariantGroup section */
		EAF52C9118284F0E002B88A3 /* InfoPlist.strings */ = {
			isa = PBXVariantGroup;
			children = (
				EAF52C9218284F0E002B88A3 /* en */,
			);
			name = InfoPlist.strings;
			sourceTree = "<group>";
		};
		EAF52C9A18284F0E002B88A3 /* Main.storyboard */ = {
			isa = PBXVariantGroup;
			children = (
				EAF52C9B18284F0E002B88A3 /* Base */,
			);
			name = Main.storyboard;
			sourceTree = "<group>";
		};
		EAF52CB018284F0E002B88A3 /* InfoPlist.strings */ = {
			isa = PBXVariantGroup;
			children = (
				EAF52CB118284F0E002B88A3 /* en */,
			);
			name = InfoPlist.strings;
			sourceTree = "<group>";
		};
/* End PBXVariantGroup section */

/* Begin XCBuildConfiguration section */
		EAF52CB518284F0E002B88A3 /* Debug */ = {
			isa = XCBuildConfiguration;
			buildSettings = {
				ALWAYS_SEARCH_USER_PATHS = NO;
				ARCHS = "$(ARCHS_STANDARD_INCLUDING_64_BIT)";
				CLANG_CXX_LANGUAGE_STANDARD = "gnu++0x";
				CLANG_CXX_LIBRARY = "libc++";
				CLANG_ENABLE_MODULES = YES;
				CLANG_ENABLE_OBJC_ARC = YES;
				CLANG_WARN_BOOL_CONVERSION = YES;
				CLANG_WARN_CONSTANT_CONVERSION = YES;
				CLANG_WARN_DIRECT_OBJC_ISA_USAGE = YES_ERROR;
				CLANG_WARN_EMPTY_BODY = YES;
				CLANG_WARN_ENUM_CONVERSION = YES;
				CLANG_WARN_INT_CONVERSION = YES;
				CLANG_WARN_OBJC_ROOT_CLASS = YES_ERROR;
				CLANG_WARN__DUPLICATE_METHOD_MATCH = YES;
				"CODE_SIGN_IDENTITY[sdk=iphoneos*]" = "iPhone Developer";
				COPY_PHASE_STRIP = NO;
				GCC_C_LANGUAGE_STANDARD = gnu99;
				GCC_DYNAMIC_NO_PIC = NO;
				GCC_OPTIMIZATION_LEVEL = 0;
				GCC_PREPROCESSOR_DEFINITIONS = (
					"DEBUG=1",
					"$(inherited)",
				);
				GCC_SYMBOLS_PRIVATE_EXTERN = NO;
				GCC_WARN_64_TO_32_BIT_CONVERSION = YES;
				GCC_WARN_ABOUT_RETURN_TYPE = YES_ERROR;
				GCC_WARN_UNDECLARED_SELECTOR = YES;
				GCC_WARN_UNINITIALIZED_AUTOS = YES;
				GCC_WARN_UNUSED_FUNCTION = YES;
				GCC_WARN_UNUSED_VARIABLE = YES;
				IPHONEOS_DEPLOYMENT_TARGET = 7.0;
				ONLY_ACTIVE_ARCH = YES;
				SDKROOT = iphoneos;
			};
			name = Debug;
		};
		EAF52CB618284F0E002B88A3 /* Release */ = {
			isa = XCBuildConfiguration;
			buildSettings = {
				ALWAYS_SEARCH_USER_PATHS = NO;
				ARCHS = "$(ARCHS_STANDARD_INCLUDING_64_BIT)";
				CLANG_CXX_LANGUAGE_STANDARD = "gnu++0x";
				CLANG_CXX_LIBRARY = "libc++";
				CLANG_ENABLE_MODULES = YES;
				CLANG_ENABLE_OBJC_ARC = YES;
				CLANG_WARN_BOOL_CONVERSION = YES;
				CLANG_WARN_CONSTANT_CONVERSION = YES;
				CLANG_WARN_DIRECT_OBJC_ISA_USAGE = YES_ERROR;
				CLANG_WARN_EMPTY_BODY = YES;
				CLANG_WARN_ENUM_CONVERSION = YES;
				CLANG_WARN_INT_CONVERSION = YES;
				CLANG_WARN_OBJC_ROOT_CLASS = YES_ERROR;
				CLANG_WARN__DUPLICATE_METHOD_MATCH = YES;
				"CODE_SIGN_IDENTITY[sdk=iphoneos*]" = "iPhone Developer";
				COPY_PHASE_STRIP = YES;
				ENABLE_NS_ASSERTIONS = NO;
				GCC_C_LANGUAGE_STANDARD = gnu99;
				GCC_WARN_64_TO_32_BIT_CONVERSION = YES;
				GCC_WARN_ABOUT_RETURN_TYPE = YES_ERROR;
				GCC_WARN_UNDECLARED_SELECTOR = YES;
				GCC_WARN_UNINITIALIZED_AUTOS = YES;
				GCC_WARN_UNUSED_FUNCTION = YES;
				GCC_WARN_UNUSED_VARIABLE = YES;
				IPHONEOS_DEPLOYMENT_TARGET = 7.0;
				SDKROOT = iphoneos;
				VALIDATE_PRODUCT = YES;
			};
			name = Release;
		};
		EAF52CB818284F0E002B88A3 /* Debug */ = {
			isa = XCBuildConfiguration;
			buildSettings = {
				ASSETCATALOG_COMPILER_APPICON_NAME = AppIcon;
				ASSETCATALOG_COMPILER_LAUNCHIMAGE_NAME = LaunchImage;
				GCC_PRECOMPILE_PREFIX_HEADER = YES;
				GCC_PREFIX_HEADER = "Smart Learning/Smart Learning-Prefix.pch";
				INFOPLIST_FILE = "Smart Learning/Smart Learning-Info.plist";
				PRODUCT_NAME = "$(TARGET_NAME)";
				WRAPPER_EXTENSION = app;
			};
			name = Debug;
		};
		EAF52CB918284F0E002B88A3 /* Release */ = {
			isa = XCBuildConfiguration;
			buildSettings = {
				ASSETCATALOG_COMPILER_APPICON_NAME = AppIcon;
				ASSETCATALOG_COMPILER_LAUNCHIMAGE_NAME = LaunchImage;
				GCC_PRECOMPILE_PREFIX_HEADER = YES;
				GCC_PREFIX_HEADER = "Smart Learning/Smart Learning-Prefix.pch";
				INFOPLIST_FILE = "Smart Learning/Smart Learning-Info.plist";
				PRODUCT_NAME = "$(TARGET_NAME)";
				WRAPPER_EXTENSION = app;
			};
			name = Release;
		};
		EAF52CBB18284F0E002B88A3 /* Debug */ = {
			isa = XCBuildConfiguration;
			buildSettings = {
				ARCHS = "$(ARCHS_STANDARD_INCLUDING_64_BIT)";
				BUNDLE_LOADER = "$(BUILT_PRODUCTS_DIR)/Smart Learning.app/Smart Learning";
				FRAMEWORK_SEARCH_PATHS = (
					"$(SDKROOT)/Developer/Library/Frameworks",
					"$(inherited)",
					"$(DEVELOPER_FRAMEWORKS_DIR)",
				);
				GCC_PRECOMPILE_PREFIX_HEADER = YES;
				GCC_PREFIX_HEADER = "Smart Learning/Smart Learning-Prefix.pch";
				GCC_PREPROCESSOR_DEFINITIONS = (
					"DEBUG=1",
					"$(inherited)",
				);
				INFOPLIST_FILE = "Smart LearningTests/Smart LearningTests-Info.plist";
				PRODUCT_NAME = "$(TARGET_NAME)";
				TEST_HOST = "$(BUNDLE_LOADER)";
				WRAPPER_EXTENSION = xctest;
			};
			name = Debug;
		};
		EAF52CBC18284F0E002B88A3 /* Release */ = {
			isa = XCBuildConfiguration;
			buildSettings = {
				ARCHS = "$(ARCHS_STANDARD_INCLUDING_64_BIT)";
				BUNDLE_LOADER = "$(BUILT_PRODUCTS_DIR)/Smart Learning.app/Smart Learning";
				FRAMEWORK_SEARCH_PATHS = (
					"$(SDKROOT)/Developer/Library/Frameworks",
					"$(inherited)",
					"$(DEVELOPER_FRAMEWORKS_DIR)",
				);
				GCC_PRECOMPILE_PREFIX_HEADER = YES;
				GCC_PREFIX_HEADER = "Smart Learning/Smart Learning-Prefix.pch";
				INFOPLIST_FILE = "Smart LearningTests/Smart LearningTests-Info.plist";
				PRODUCT_NAME = "$(TARGET_NAME)";
				TEST_HOST = "$(BUNDLE_LOADER)";
				WRAPPER_EXTENSION = xctest;
			};
			name = Release;
		};
/* End XCBuildConfiguration section */

/* Begin XCConfigurationList section */
		EAF52C8018284F0E002B88A3 /* Build configuration list for PBXProject "Smart Learning" */ = {
			isa = XCConfigurationList;
			buildConfigurations = (
				EAF52CB518284F0E002B88A3 /* Debug */,
				EAF52CB618284F0E002B88A3 /* Release */,
			);
			defaultConfigurationIsVisible = 0;
			defaultConfigurationName = Release;
		};
		EAF52CB718284F0E002B88A3 /* Build configuration list for PBXNativeTarget "Smart Learning" */ = {
			isa = XCConfigurationList;
			buildConfigurations = (
				EAF52CB818284F0E002B88A3 /* Debug */,
				EAF52CB918284F0E002B88A3 /* Release */,
			);
			defaultConfigurationIsVisible = 0;
			defaultConfigurationName = Release;
		};
		EAF52CBA18284F0E002B88A3 /* Build configuration list for PBXNativeTarget "Smart LearningTests" */ = {
			isa = XCConfigurationList;
			buildConfigurations = (
				EAF52CBB18284F0E002B88A3 /* Debug */,
				EAF52CBC18284F0E002B88A3 /* Release */,
			);
			defaultConfigurationIsVisible = 0;
			defaultConfigurationName = Release;
		};
/* End XCConfigurationList section */
	};
	rootObject = EAF52C7D18284F0E002B88A3 /* Project object */;
}
